{
    "_readme": [
        "This file locks the dependencies of your project to a known state",
        "Read more about it at https://getcomposer.org/doc/01-basic-usage.md#composer-lock-the-lock-file",
        "This file is @generated automatically"
    ],
    "content-hash": "a67a350f073c3aa78921e1952a9825ab",
    "packages": [
        {
            "name": "jasny/php-functions",
            "version": "v3.2.0",
            "source": {
                "type": "git",
                "url": "https://github.com/jasny/php-functions.git",
                "reference": "ee00d879a0de354469f544a40b7cfecbdd5e2344"
            },
            "dist": {
                "type": "zip",
                "url": "https://api.github.com/repos/jasny/php-functions/zipball/ee00d879a0de354469f544a40b7cfecbdd5e2344",
                "reference": "ee00d879a0de354469f544a40b7cfecbdd5e2344",
                "shasum": ""
            },
            "require": {
                "php": ">=5.6"
            },
            "require-dev": {
                "jasny/php-code-quality": "^2.0"
            },
            "type": "library",
            "autoload": {
                "files": [
                    "src/array_functions.php",
                    "src/case_functions.php",
                    "src/string_functions.php",
                    "src/server_functions.php",
                    "src/type_functions.php",
                    "src/file_functions.php",
                    "src/func_functions.php"
                ]
            },
            "notification-url": "https://packagist.org/downloads/",
            "license": [
                "MIT"
            ],
            "authors": [
                {
                    "name": "Arnold Daniels",
                    "email": "arnold@jasny.net",
                    "homepage": "http://www.jasny.net"
                }
            ],
            "description": "A set of useful PHP functions",
            "time": "2017-07-03T20:12:46+00:00"
        },
        {
            "name": "kint-php/kint",
            "version": "2.2",
            "source": {
                "type": "git",
                "url": "https://github.com/kint-php/kint.git",
                "reference": "b091715eadaf6e1a7ef927f3e81d1004611d2aea"
            },
            "dist": {
                "type": "zip",
                "url": "https://api.github.com/repos/kint-php/kint/zipball/b091715eadaf6e1a7ef927f3e81d1004611d2aea",
                "reference": "b091715eadaf6e1a7ef927f3e81d1004611d2aea",
                "shasum": ""
            },
            "require": {
                "php": ">=5.1.2"
            },
            "require-dev": {
                "friendsofphp/php-cs-fixer": "^2.0",
                "phpunit/phpunit": "^4.0",
                "symfony/finder": "^2.6"
            },
            "type": "library",
            "autoload": {
                "files": [
                    "init.php"
                ],
                "classmap": [
                    "src/"
                ]
            },
            "notification-url": "https://packagist.org/downloads/",
            "license": [
                "MIT"
            ],
            "authors": [
                {
                    "name": "Rokas Šleinius",
                    "homepage": "https://github.com/raveren"
                },
                {
                    "name": "Jonathan Vollebregt",
                    "homepage": "https://github.com/jnvsor"
                },
                {
                    "name": "Contributors",
                    "homepage": "https://github.com/kint-php/kint/graphs/contributors"
                }
            ],
            "description": "Kint - debugging tool for PHP developers",
            "homepage": "https://kint-php.github.io/kint/",
            "keywords": [
                "debug",
                "kint",
                "php"
            ],
            "time": "2017-09-06T17:46:03+00:00"
        },
        {
            "name": "league/booboo",
            "version": "2.0",
            "source": {
                "type": "git",
                "url": "https://github.com/thephpleague/booboo.git",
                "reference": "bf6a7ba3b3cb59cf1acec1e8671474bde5ffe326"
            },
            "dist": {
                "type": "zip",
                "url": "https://api.github.com/repos/thephpleague/booboo/zipball/bf6a7ba3b3cb59cf1acec1e8671474bde5ffe326",
                "reference": "bf6a7ba3b3cb59cf1acec1e8671474bde5ffe326",
                "shasum": ""
            },
            "require": {
                "php": ">=5.6.0",
                "psr/log": "~1.0"
            },
            "require-dev": {
                "mockery/mockery": "~0.9",
                "phpunit/phpunit": "~5.7",
                "sentry/sentry": "~1.7"
            },
            "suggest": {
                "sentry/sentry": "Use Sentry for passing errors to Sentry."
            },
            "type": "library",
            "autoload": {
                "psr-4": {
                    "League\\BooBoo\\": "src/"
                }
            },
            "notification-url": "https://packagist.org/downloads/",
            "license": [
                "MIT"
            ],
            "authors": [
                {
                    "name": "Brandon Savage",
                    "homepage": "https://www.brandonsavage.net/"
                }
            ],
            "description": "Provides an error handler for PHP that can execute a stack of handlers for various purposes.",
            "time": "2017-09-01T17:05:28+00:00"
        },
        {
            "name": "psr/log",
            "version": "1.0.2",
            "source": {
                "type": "git",
                "url": "https://github.com/php-fig/log.git",
                "reference": "4ebe3a8bf773a19edfe0a84b6585ba3d401b724d"
            },
            "dist": {
                "type": "zip",
                "url": "https://api.github.com/repos/php-fig/log/zipball/4ebe3a8bf773a19edfe0a84b6585ba3d401b724d",
                "reference": "4ebe3a8bf773a19edfe0a84b6585ba3d401b724d",
                "shasum": ""
            },
            "require": {
                "php": ">=5.3.0"
            },
            "type": "library",
            "extra": {
                "branch-alias": {
                    "dev-master": "1.0.x-dev"
                }
            },
            "autoload": {
                "psr-4": {
                    "Psr\\Log\\": "Psr/Log/"
                }
            },
            "notification-url": "https://packagist.org/downloads/",
            "license": [
                "MIT"
            ],
            "authors": [
                {
                    "name": "PHP-FIG",
                    "homepage": "http://www.php-fig.org/"
                }
            ],
            "description": "Common interface for logging libraries",
            "homepage": "https://github.com/php-fig/log",
            "keywords": [
                "log",
                "psr",
                "psr-3"
            ],
            "time": "2016-10-10T12:19:37+00:00"
        }
    ],
    "packages-dev": [],
    "aliases": [],
    "minimum-stability": "stable",
    "stability-flags": [],
    "prefer-stable": false,
    "prefer-lowest": false,
    "platform": {
        "php": ">=5.6.0"
    },
    "platform-dev": []
}
